
Microsoft Visual Studio Solution File, Format Version 12.00
# Visual Studio Version 16
VisualStudioVersion = 16.0.36128.20
MinimumVisualStudioVersion = 10.0.40219.1
Project("{FAE04EC0-301F-11D3-BF4B-00C04F79EFBC}") = "PRUEBA", "PRUEBA\PRUEBA.csproj", "{67F721B5-791E-460F-B8D5-D12AC4EEE7AF}"
EndProject
Global
	GlobalSection(SolutionConfigurationPlatforms) = preSolution
		Debug|Any CPU = Debug|Any CPU
		Release|Any CPU = Release|Any CPU
	EndGlobalSection
	GlobalSection(ProjectConfigurationPlatforms) = postSolution
		{67F721B5-791E-460F-B8D5-D12AC4EEE7AF}.Debug|Any CPU.ActiveCfg = Debug|Any CPU
		{67F721B5-791E-460F-B8D5-D12AC4EEE7AF}.Debug|Any CPU.Build.0 = Debug|Any CPU
		{67F721B5-791E-460F-B8D5-D12AC4EEE7AF}.Release|Any CPU.ActiveCfg = Release|Any CPU
		{67F721B5-791E-460F-B8D5-D12AC4EEE7AF}.Release|Any CPU.Build.0 = Release|Any CPU
	EndGlobalSection
	GlobalSection(SolutionProperties) = preSolution
		HideSolutionNode = FALSE
	EndGlobalSection
	GlobalSection(ExtensibilityGlobals) = postSolution
		SolutionGuid = {E40EDA24-7ED6-4C95-80DC-AEF7929319FB}
	EndGlobalSection
EndGlobal
