
Microsoft Visual Studio Solution File, Format Version 12.00
# Visual Studio Version 16
VisualStudioVersion = 16.0.36128.20
MinimumVisualStudioVersion = 10.0.40219.1
Project("{FAE04EC0-301F-11D3-BF4B-00C04F79EFBC}") = "cmd", "cmd\cmd.csproj", "{F79D6C60-5881-4EC6-8677-6A64997F1A2E}"
EndProject
Global
	GlobalSection(SolutionConfigurationPlatforms) = preSolution
		Debug|Any CPU = Debug|Any CPU
		Release|Any CPU = Release|Any CPU
	EndGlobalSection
	GlobalSection(ProjectConfigurationPlatforms) = postSolution
		{F79D6C60-5881-4EC6-8677-6A64997F1A2E}.Debug|Any CPU.ActiveCfg = Debug|Any CPU
		{F79D6C60-5881-4EC6-8677-6A64997F1A2E}.Debug|Any CPU.Build.0 = Debug|Any CPU
		{F79D6C60-5881-4EC6-8677-6A64997F1A2E}.Release|Any CPU.ActiveCfg = Release|Any CPU
		{F79D6C60-5881-4EC6-8677-6A64997F1A2E}.Release|Any CPU.Build.0 = Release|Any CPU
	EndGlobalSection
	GlobalSection(SolutionProperties) = preSolution
		HideSolutionNode = FALSE
	EndGlobalSection
	GlobalSection(ExtensibilityGlobals) = postSolution
		SolutionGuid = {486342ED-3EE1-4899-BD5B-2B055809D7D7}
	EndGlobalSection
EndGlobal
